Microsoft Visual Studio Solution File, Format Version 12.00
# Visual Studio 14
VisualStudioVersion = 14.0.25420.1
MinimumVisualStudioVersion = 10.0.40219.1
Project("{2150E333-8FDC-42A3-9474-1A3956D46DE8}") = "Shared", "Shared", "{4CA1E628-E571-47C8-AD6D-F51C3FB4AC5F}"
EndProject
Project("{2150E333-8FDC-42A3-9474-1A3956D46DE8}") = "Droid", "Droid", "{E2F938A8-CBC6-4BFA-88B3-2F6AF79709DF}"
EndProject
Project("{2150E333-8FDC-42A3-9474-1A3956D46DE8}") = "iOS", "iOS", "{4C2F0193-D4C1-4F6A-8C30-2D826C8D8E6A}"
EndProject
Project("{FAE04EC0-301F-11D3-BF4B-00C04F79EFBC}") = "SeedApp", "SeedApp\SeedApp.csproj", "{11F503E1-EF7B-4967-AD60-C9DA04BF78AB}"
EndProject
Project("{FAE04EC0-301F-11D3-BF4B-00C04F79EFBC}") = "SeedApp.Common", "SeedApp.Common\SeedApp.Common.csproj", "{C82A848A-43FD-4E1F-8C11-3D3DDD68D99C}"
EndProject
Project("{FAE04EC0-301F-11D3-BF4B-00C04F79EFBC}") = "SeedApp.Data", "SeedApp.Data\SeedApp.Data.csproj", "{DD303CD4-AD89-43C8-8F1B-010347267815}"
EndProject
Project("{FAE04EC0-301F-11D3-BF4B-00C04F79EFBC}") = "SeedApp.Droid", "SeedApp.Droid\SeedApp.Droid.csproj", "{61DB6E2E-78CC-4BC9-8826-108C5605BE0B}"
EndProject
Project("{FAE04EC0-301F-11D3-BF4B-00C04F79EFBC}") = "SeedApp.iOS", "SeedApp.iOS\SeedApp.iOS.csproj", "{E1030603-A7B0-4168-A94E-12D19F172C08}"
EndProject
Global
	GlobalSection(SolutionConfigurationPlatforms) = preSolution
		Ad-Hoc|Any CPU = Ad-Hoc|Any CPU
		Ad-Hoc|iPhone = Ad-Hoc|iPhone
		Ad-Hoc|iPhoneSimulator = Ad-Hoc|iPhoneSimulator
		AppStore|Any CPU = AppStore|Any CPU
		AppStore|iPhone = AppStore|iPhone
		AppStore|iPhoneSimulator = AppStore|iPhoneSimulator
		Debug|Any CPU = Debug|Any CPU
		Debug|iPhone = Debug|iPhone
		Debug|iPhoneSimulator = Debug|iPhoneSimulator
		PreRelease|Any CPU = PreRelease|Any CPU
		PreRelease|iPhone = PreRelease|iPhone
		PreRelease|iPhoneSimulator = PreRelease|iPhoneSimulator
		Release|Any CPU = Release|Any CPU
		Release|iPhone = Release|iPhone
		Release|iPhoneSimulator = Release|iPhoneSimulator
		PlayStore|Any CPU = PlayStore|Any CPU
	EndGlobalSection
	GlobalSection(ProjectConfigurationPlatforms) = postSolution
		{11F503E1-EF7B-4967-AD60-C9DA04BF78AB}.Ad-Hoc|Any CPU.ActiveCfg = Release|Any CPU
		{11F503E1-EF7B-4967-AD60-C9DA04BF78AB}.Ad-Hoc|Any CPU.Build.0 = Release|Any CPU
		{11F503E1-EF7B-4967-AD60-C9DA04BF78AB}.Ad-Hoc|iPhone.ActiveCfg = Release|Any CPU
		{11F503E1-EF7B-4967-AD60-C9DA04BF78AB}.Ad-Hoc|iPhone.Build.0 = Release|Any CPU
		{11F503E1-EF7B-4967-AD60-C9DA04BF78AB}.Ad-Hoc|iPhoneSimulator.ActiveCfg = Release|Any CPU
		{11F503E1-EF7B-4967-AD60-C9DA04BF78AB}.Ad-Hoc|iPhoneSimulator.Build.0 = Release|Any CPU
		{11F503E1-EF7B-4967-AD60-C9DA04BF78AB}.AppStore|Any CPU.ActiveCfg = AppStore|Any CPU
		{11F503E1-EF7B-4967-AD60-C9DA04BF78AB}.AppStore|Any CPU.Build.0 = AppStore|Any CPU
		{11F503E1-EF7B-4967-AD60-C9DA04BF78AB}.AppStore|iPhone.ActiveCfg = AppStore|Any CPU
		{11F503E1-EF7B-4967-AD60-C9DA04BF78AB}.AppStore|iPhone.Build.0 = AppStore|Any CPU
		{11F503E1-EF7B-4967-AD60-C9DA04BF78AB}.AppStore|iPhoneSimulator.ActiveCfg = Release|Any CPU
		{11F503E1-EF7B-4967-AD60-C9DA04BF78AB}.AppStore|iPhoneSimulator.Build.0 = Release|Any CPU
		{11F503E1-EF7B-4967-AD60-C9DA04BF78AB}.Debug|Any CPU.ActiveCfg = Debug|Any CPU
		{11F503E1-EF7B-4967-AD60-C9DA04BF78AB}.Debug|Any CPU.Build.0 = Debug|Any CPU
		{11F503E1-EF7B-4967-AD60-C9DA04BF78AB}.Debug|iPhone.ActiveCfg = Debug|Any CPU
		{11F503E1-EF7B-4967-AD60-C9DA04BF78AB}.Debug|iPhone.Build.0 = Debug|Any CPU
		{11F503E1-EF7B-4967-AD60-C9DA04BF78AB}.Debug|iPhoneSimulator.ActiveCfg = Debug|Any CPU
		{11F503E1-EF7B-4967-AD60-C9DA04BF78AB}.Debug|iPhoneSimulator.Build.0 = Debug|Any CPU
		{11F503E1-EF7B-4967-AD60-C9DA04BF78AB}.PreRelease|Any CPU.ActiveCfg = Release|Any CPU
		{11F503E1-EF7B-4967-AD60-C9DA04BF78AB}.PreRelease|Any CPU.Build.0 = Release|Any CPU
		{11F503E1-EF7B-4967-AD60-C9DA04BF78AB}.PreRelease|iPhone.ActiveCfg = PreRelease|Any CPU
		{11F503E1-EF7B-4967-AD60-C9DA04BF78AB}.PreRelease|iPhone.Build.0 = PreRelease|Any CPU
		{11F503E1-EF7B-4967-AD60-C9DA04BF78AB}.PreRelease|iPhoneSimulator.ActiveCfg = PreRelease|Any CPU
		{11F503E1-EF7B-4967-AD60-C9DA04BF78AB}.PreRelease|iPhoneSimulator.Build.0 = PreRelease|Any CPU
		{11F503E1-EF7B-4967-AD60-C9DA04BF78AB}.Release|Any CPU.ActiveCfg = Release|Any CPU
		{11F503E1-EF7B-4967-AD60-C9DA04BF78AB}.Release|Any CPU.Build.0 = Release|Any CPU
		{11F503E1-EF7B-4967-AD60-C9DA04BF78AB}.Release|iPhone.ActiveCfg = Release|Any CPU
		{11F503E1-EF7B-4967-AD60-C9DA04BF78AB}.Release|iPhone.Build.0 = Release|Any CPU
		{11F503E1-EF7B-4967-AD60-C9DA04BF78AB}.Release|iPhoneSimulator.ActiveCfg = Release|Any CPU
		{11F503E1-EF7B-4967-AD60-C9DA04BF78AB}.Release|iPhoneSimulator.Build.0 = Release|Any CPU
		{11F503E1-EF7B-4967-AD60-C9DA04BF78AB}.PlayStore|Any CPU.ActiveCfg = PlayStore|Any CPU
		{11F503E1-EF7B-4967-AD60-C9DA04BF78AB}.PlayStore|Any CPU.Build.0 = PlayStore|Any CPU
		{C82A848A-43FD-4E1F-8C11-3D3DDD68D99C}.Ad-Hoc|Any CPU.ActiveCfg = Release|Any CPU
		{C82A848A-43FD-4E1F-8C11-3D3DDD68D99C}.Ad-Hoc|Any CPU.Build.0 = Release|Any CPU
		{C82A848A-43FD-4E1F-8C11-3D3DDD68D99C}.Ad-Hoc|iPhone.ActiveCfg = Release|Any CPU
		{C82A848A-43FD-4E1F-8C11-3D3DDD68D99C}.Ad-Hoc|iPhone.Build.0 = Release|Any CPU
		{C82A848A-43FD-4E1F-8C11-3D3DDD68D99C}.Ad-Hoc|iPhoneSimulator.ActiveCfg = Release|Any CPU
		{C82A848A-43FD-4E1F-8C11-3D3DDD68D99C}.Ad-Hoc|iPhoneSimulator.Build.0 = Release|Any CPU
		{C82A848A-43FD-4E1F-8C11-3D3DDD68D99C}.AppStore|Any CPU.ActiveCfg = Release|Any CPU
		{C82A848A-43FD-4E1F-8C11-3D3DDD68D99C}.AppStore|Any CPU.Build.0 = Release|Any CPU
		{C82A848A-43FD-4E1F-8C11-3D3DDD68D99C}.AppStore|iPhone.ActiveCfg = Release|Any CPU
		{C82A848A-43FD-4E1F-8C11-3D3DDD68D99C}.AppStore|iPhone.Build.0 = Release|Any CPU
		{C82A848A-43FD-4E1F-8C11-3D3DDD68D99C}.AppStore|iPhoneSimulator.ActiveCfg = Release|Any CPU
		{C82A848A-43FD-4E1F-8C11-3D3DDD68D99C}.AppStore|iPhoneSimulator.Build.0 = Release|Any CPU
		{C82A848A-43FD-4E1F-8C11-3D3DDD68D99C}.Debug|Any CPU.ActiveCfg = Debug|Any CPU
		{C82A848A-43FD-4E1F-8C11-3D3DDD68D99C}.Debug|Any CPU.Build.0 = Debug|Any CPU
		{C82A848A-43FD-4E1F-8C11-3D3DDD68D99C}.Debug|iPhone.ActiveCfg = Debug|Any CPU
		{C82A848A-43FD-4E1F-8C11-3D3DDD68D99C}.Debug|iPhone.Build.0 = Debug|Any CPU
		{C82A848A-43FD-4E1F-8C11-3D3DDD68D99C}.Debug|iPhoneSimulator.ActiveCfg = Debug|Any CPU
		{C82A848A-43FD-4E1F-8C11-3D3DDD68D99C}.Debug|iPhoneSimulator.Build.0 = Debug|Any CPU
		{C82A848A-43FD-4E1F-8C11-3D3DDD68D99C}.PreRelease|Any CPU.ActiveCfg = Release|Any CPU
		{C82A848A-43FD-4E1F-8C11-3D3DDD68D99C}.PreRelease|Any CPU.Build.0 = Release|Any CPU
		{C82A848A-43FD-4E1F-8C11-3D3DDD68D99C}.PreRelease|iPhone.ActiveCfg = PreRelease|Any CPU
		{C82A848A-43FD-4E1F-8C11-3D3DDD68D99C}.PreRelease|iPhone.Build.0 = PreRelease|Any CPU
		{C82A848A-43FD-4E1F-8C11-3D3DDD68D99C}.PreRelease|iPhoneSimulator.ActiveCfg = PreRelease|Any CPU
		{C82A848A-43FD-4E1F-8C11-3D3DDD68D99C}.PreRelease|iPhoneSimulator.Build.0 = PreRelease|Any CPU
		{C82A848A-43FD-4E1F-8C11-3D3DDD68D99C}.Release|Any CPU.ActiveCfg = Release|Any CPU
		{C82A848A-43FD-4E1F-8C11-3D3DDD68D99C}.Release|Any CPU.Build.0 = Release|Any CPU
		{C82A848A-43FD-4E1F-8C11-3D3DDD68D99C}.Release|iPhone.ActiveCfg = Release|Any CPU
		{C82A848A-43FD-4E1F-8C11-3D3DDD68D99C}.Release|iPhone.Build.0 = Release|Any CPU
		{C82A848A-43FD-4E1F-8C11-3D3DDD68D99C}.Release|iPhoneSimulator.ActiveCfg = Release|Any CPU
		{C82A848A-43FD-4E1F-8C11-3D3DDD68D99C}.Release|iPhoneSimulator.Build.0 = Release|Any CPU
		{C82A848A-43FD-4E1F-8C11-3D3DDD68D99C}.PlayStore|Any CPU.ActiveCfg = Release|Any CPU
		{C82A848A-43FD-4E1F-8C11-3D3DDD68D99C}.PlayStore|Any CPU.Build.0 = Release|Any CPU
		{DD303CD4-AD89-43C8-8F1B-010347267815}.Ad-Hoc|Any CPU.ActiveCfg = Release|Any CPU
		{DD303CD4-AD89-43C8-8F1B-010347267815}.Ad-Hoc|Any CPU.Build.0 = Release|Any CPU
		{DD303CD4-AD89-43C8-8F1B-010347267815}.Ad-Hoc|iPhone.ActiveCfg = Release|Any CPU
		{DD303CD4-AD89-43C8-8F1B-010347267815}.Ad-Hoc|iPhone.Build.0 = Release|Any CPU
		{DD303CD4-AD89-43C8-8F1B-010347267815}.Ad-Hoc|iPhoneSimulator.ActiveCfg = Release|Any CPU
		{DD303CD4-AD89-43C8-8F1B-010347267815}.Ad-Hoc|iPhoneSimulator.Build.0 = Release|Any CPU
		{DD303CD4-AD89-43C8-8F1B-010347267815}.AppStore|Any CPU.ActiveCfg = AppStore|Any CPU
		{DD303CD4-AD89-43C8-8F1B-010347267815}.AppStore|Any CPU.Build.0 = AppStore|Any CPU
		{DD303CD4-AD89-43C8-8F1B-010347267815}.AppStore|iPhone.ActiveCfg = AppStore|Any CPU
		{DD303CD4-AD89-43C8-8F1B-010347267815}.AppStore|iPhone.Build.0 = AppStore|Any CPU
		{DD303CD4-AD89-43C8-8F1B-010347267815}.AppStore|iPhoneSimulator.ActiveCfg = Release|Any CPU
		{DD303CD4-AD89-43C8-8F1B-010347267815}.AppStore|iPhoneSimulator.Build.0 = Release|Any CPU
		{DD303CD4-AD89-43C8-8F1B-010347267815}.Debug|Any CPU.ActiveCfg = Debug|Any CPU
		{DD303CD4-AD89-43C8-8F1B-010347267815}.Debug|Any CPU.Build.0 = Debug|Any CPU
		{DD303CD4-AD89-43C8-8F1B-010347267815}.Debug|iPhone.ActiveCfg = Debug|Any CPU
		{DD303CD4-AD89-43C8-8F1B-010347267815}.Debug|iPhone.Build.0 = Debug|Any CPU
		{DD303CD4-AD89-43C8-8F1B-010347267815}.Debug|iPhoneSimulator.ActiveCfg = Debug|Any CPU
		{DD303CD4-AD89-43C8-8F1B-010347267815}.Debug|iPhoneSimulator.Build.0 = Debug|Any CPU
		{DD303CD4-AD89-43C8-8F1B-010347267815}.PreRelease|Any CPU.ActiveCfg = PreRelease|Any CPU
		{DD303CD4-AD89-43C8-8F1B-010347267815}.PreRelease|Any CPU.Build.0 = PreRelease|Any CPU
		{DD303CD4-AD89-43C8-8F1B-010347267815}.PreRelease|iPhone.ActiveCfg = PreRelease|Any CPU
		{DD303CD4-AD89-43C8-8F1B-010347267815}.PreRelease|iPhone.Build.0 = PreRelease|Any CPU
		{DD303CD4-AD89-43C8-8F1B-010347267815}.PreRelease|iPhoneSimulator.ActiveCfg = PreRelease|Any CPU
		{DD303CD4-AD89-43C8-8F1B-010347267815}.PreRelease|iPhoneSimulator.Build.0 = PreRelease|Any CPU
		{DD303CD4-AD89-43C8-8F1B-010347267815}.Release|Any CPU.ActiveCfg = Release|Any CPU
		{DD303CD4-AD89-43C8-8F1B-010347267815}.Release|Any CPU.Build.0 = Release|Any CPU
		{DD303CD4-AD89-43C8-8F1B-010347267815}.Release|iPhone.ActiveCfg = Release|Any CPU
		{DD303CD4-AD89-43C8-8F1B-010347267815}.Release|iPhone.Build.0 = Release|Any CPU
		{DD303CD4-AD89-43C8-8F1B-010347267815}.Release|iPhoneSimulator.ActiveCfg = Release|Any CPU
		{DD303CD4-AD89-43C8-8F1B-010347267815}.Release|iPhoneSimulator.Build.0 = Release|Any CPU
		{DD303CD4-AD89-43C8-8F1B-010347267815}.PlayStore|Any CPU.ActiveCfg = PlayStore|Any CPU
		{DD303CD4-AD89-43C8-8F1B-010347267815}.PlayStore|Any CPU.Build.0 = PlayStore|Any CPU
		{61DB6E2E-78CC-4BC9-8826-108C5605BE0B}.Ad-Hoc|Any CPU.ActiveCfg = Release|Any CPU
		{61DB6E2E-78CC-4BC9-8826-108C5605BE0B}.Ad-Hoc|Any CPU.Build.0 = Release|Any CPU
		{61DB6E2E-78CC-4BC9-8826-108C5605BE0B}.Ad-Hoc|Any CPU.Deploy.0 = Release|Any CPU
		{61DB6E2E-78CC-4BC9-8826-108C5605BE0B}.Ad-Hoc|iPhone.ActiveCfg = Release|Any CPU
		{61DB6E2E-78CC-4BC9-8826-108C5605BE0B}.Ad-Hoc|iPhone.Build.0 = Release|Any CPU
		{61DB6E2E-78CC-4BC9-8826-108C5605BE0B}.Ad-Hoc|iPhone.Deploy.0 = Release|Any CPU
		{61DB6E2E-78CC-4BC9-8826-108C5605BE0B}.Ad-Hoc|iPhoneSimulator.ActiveCfg = Release|Any CPU
		{61DB6E2E-78CC-4BC9-8826-108C5605BE0B}.Ad-Hoc|iPhoneSimulator.Build.0 = Release|Any CPU
		{61DB6E2E-78CC-4BC9-8826-108C5605BE0B}.Ad-Hoc|iPhoneSimulator.Deploy.0 = Release|Any CPU
		{61DB6E2E-78CC-4BC9-8826-108C5605BE0B}.AppStore|Any CPU.ActiveCfg = PlayStore|Any CPU
		{61DB6E2E-78CC-4BC9-8826-108C5605BE0B}.AppStore|Any CPU.Deploy.0 = PlayStore|Any CPU
		{61DB6E2E-78CC-4BC9-8826-108C5605BE0B}.AppStore|iPhone.ActiveCfg = Release|Any CPU
		{61DB6E2E-78CC-4BC9-8826-108C5605BE0B}.AppStore|iPhone.Build.0 = Release|Any CPU
		{61DB6E2E-78CC-4BC9-8826-108C5605BE0B}.AppStore|iPhone.Deploy.0 = Release|Any CPU
		{61DB6E2E-78CC-4BC9-8826-108C5605BE0B}.AppStore|iPhoneSimulator.ActiveCfg = Release|Any CPU
		{61DB6E2E-78CC-4BC9-8826-108C5605BE0B}.AppStore|iPhoneSimulator.Build.0 = Release|Any CPU
		{61DB6E2E-78CC-4BC9-8826-108C5605BE0B}.AppStore|iPhoneSimulator.Deploy.0 = Release|Any CPU
		{61DB6E2E-78CC-4BC9-8826-108C5605BE0B}.Debug|Any CPU.ActiveCfg = Debug|Any CPU
		{61DB6E2E-78CC-4BC9-8826-108C5605BE0B}.Debug|Any CPU.Build.0 = Debug|Any CPU
		{61DB6E2E-78CC-4BC9-8826-108C5605BE0B}.Debug|Any CPU.Deploy.0 = Debug|Any CPU
		{61DB6E2E-78CC-4BC9-8826-108C5605BE0B}.Debug|iPhone.ActiveCfg = Debug|Any CPU
		{61DB6E2E-78CC-4BC9-8826-108C5605BE0B}.Debug|iPhone.Build.0 = Debug|Any CPU
		{61DB6E2E-78CC-4BC9-8826-108C5605BE0B}.Debug|iPhone.Deploy.0 = Debug|Any CPU
		{61DB6E2E-78CC-4BC9-8826-108C5605BE0B}.Debug|iPhoneSimulator.ActiveCfg = Debug|Any CPU
		{61DB6E2E-78CC-4BC9-8826-108C5605BE0B}.Debug|iPhoneSimulator.Build.0 = Debug|Any CPU
		{61DB6E2E-78CC-4BC9-8826-108C5605BE0B}.Debug|iPhoneSimulator.Deploy.0 = Debug|Any CPU
		{61DB6E2E-78CC-4BC9-8826-108C5605BE0B}.PreRelease|Any CPU.ActiveCfg = PreRelease|Any CPU
		{61DB6E2E-78CC-4BC9-8826-108C5605BE0B}.PreRelease|Any CPU.Deploy.0 = PreRelease|Any CPU
		{61DB6E2E-78CC-4BC9-8826-108C5605BE0B}.PreRelease|iPhone.ActiveCfg = PreRelease|Any CPU
		{61DB6E2E-78CC-4BC9-8826-108C5605BE0B}.PreRelease|iPhone.Build.0 = PreRelease|Any CPU
		{61DB6E2E-78CC-4BC9-8826-108C5605BE0B}.PreRelease|iPhone.Deploy.0 = PreRelease|Any CPU
		{61DB6E2E-78CC-4BC9-8826-108C5605BE0B}.PreRelease|iPhoneSimulator.ActiveCfg = PreRelease|Any CPU
		{61DB6E2E-78CC-4BC9-8826-108C5605BE0B}.PreRelease|iPhoneSimulator.Build.0 = PreRelease|Any CPU
		{61DB6E2E-78CC-4BC9-8826-108C5605BE0B}.PreRelease|iPhoneSimulator.Deploy.0 = PreRelease|Any CPU
		{61DB6E2E-78CC-4BC9-8826-108C5605BE0B}.Release|Any CPU.ActiveCfg = Release|Any CPU
		{61DB6E2E-78CC-4BC9-8826-108C5605BE0B}.Release|Any CPU.Build.0 = Release|Any CPU
		{61DB6E2E-78CC-4BC9-8826-108C5605BE0B}.Release|Any CPU.Deploy.0 = Release|Any CPU
		{61DB6E2E-78CC-4BC9-8826-108C5605BE0B}.Release|iPhone.ActiveCfg = Release|Any CPU
		{61DB6E2E-78CC-4BC9-8826-108C5605BE0B}.Release|iPhone.Build.0 = Release|Any CPU
		{61DB6E2E-78CC-4BC9-8826-108C5605BE0B}.Release|iPhone.Deploy.0 = Release|Any CPU
		{61DB6E2E-78CC-4BC9-8826-108C5605BE0B}.Release|iPhoneSimulator.ActiveCfg = Release|Any CPU
		{61DB6E2E-78CC-4BC9-8826-108C5605BE0B}.Release|iPhoneSimulator.Build.0 = Release|Any CPU
		{61DB6E2E-78CC-4BC9-8826-108C5605BE0B}.Release|iPhoneSimulator.Deploy.0 = Release|Any CPU
		{61DB6E2E-78CC-4BC9-8826-108C5605BE0B}.PlayStore|Any CPU.ActiveCfg = PlayStore|Any CPU
		{61DB6E2E-78CC-4BC9-8826-108C5605BE0B}.PlayStore|Any CPU.Build.0 = PlayStore|Any CPU
		{61DB6E2E-78CC-4BC9-8826-108C5605BE0B}.PreRelease|Any CPU.Build.0 = PreRelease|Any CPU
		{E1030603-A7B0-4168-A94E-12D19F172C08}.Ad-Hoc|Any CPU.ActiveCfg = Ad-Hoc|iPhone
		{E1030603-A7B0-4168-A94E-12D19F172C08}.Ad-Hoc|iPhone.ActiveCfg = Ad-Hoc|iPhone
		{E1030603-A7B0-4168-A94E-12D19F172C08}.Ad-Hoc|iPhone.Build.0 = Ad-Hoc|iPhone
		{E1030603-A7B0-4168-A94E-12D19F172C08}.Ad-Hoc|iPhoneSimulator.ActiveCfg = Ad-Hoc|iPhoneSimulator
		{E1030603-A7B0-4168-A94E-12D19F172C08}.Ad-Hoc|iPhoneSimulator.Build.0 = Ad-Hoc|iPhoneSimulator
		{E1030603-A7B0-4168-A94E-12D19F172C08}.AppStore|Any CPU.ActiveCfg = AppStore|iPhone
		{E1030603-A7B0-4168-A94E-12D19F172C08}.AppStore|iPhone.ActiveCfg = AppStore|iPhone
		{E1030603-A7B0-4168-A94E-12D19F172C08}.AppStore|iPhone.Build.0 = AppStore|iPhone
		{E1030603-A7B0-4168-A94E-12D19F172C08}.AppStore|iPhoneSimulator.ActiveCfg = AppStore|iPhoneSimulator
		{E1030603-A7B0-4168-A94E-12D19F172C08}.AppStore|iPhoneSimulator.Build.0 = AppStore|iPhoneSimulator
		{E1030603-A7B0-4168-A94E-12D19F172C08}.Debug|Any CPU.ActiveCfg = Debug|iPhone
		{E1030603-A7B0-4168-A94E-12D19F172C08}.Debug|iPhone.ActiveCfg = Debug|iPhone
		{E1030603-A7B0-4168-A94E-12D19F172C08}.Debug|iPhone.Build.0 = Debug|iPhone
		{E1030603-A7B0-4168-A94E-12D19F172C08}.Debug|iPhoneSimulator.ActiveCfg = Debug|iPhoneSimulator
		{E1030603-A7B0-4168-A94E-12D19F172C08}.Debug|iPhoneSimulator.Build.0 = Debug|iPhoneSimulator
		{E1030603-A7B0-4168-A94E-12D19F172C08}.PreRelease|Any CPU.ActiveCfg = PreRelease|iPhone
		{E1030603-A7B0-4168-A94E-12D19F172C08}.PreRelease|iPhone.ActiveCfg = PreRelease|iPhone
		{E1030603-A7B0-4168-A94E-12D19F172C08}.PreRelease|iPhoneSimulator.ActiveCfg = PreRelease|iPhoneSimulator
		{E1030603-A7B0-4168-A94E-12D19F172C08}.Release|Any CPU.ActiveCfg = Release|iPhone
		{E1030603-A7B0-4168-A94E-12D19F172C08}.Release|iPhone.ActiveCfg = Release|iPhone
		{E1030603-A7B0-4168-A94E-12D19F172C08}.Release|iPhone.Build.0 = Release|iPhone
		{E1030603-A7B0-4168-A94E-12D19F172C08}.Release|iPhoneSimulator.ActiveCfg = Release|iPhoneSimulator
		{E1030603-A7B0-4168-A94E-12D19F172C08}.Release|iPhoneSimulator.Build.0 = Release|iPhoneSimulator
		{E1030603-A7B0-4168-A94E-12D19F172C08}.PreRelease|iPhone.Build.0 = PreRelease|iPhone
		{E1030603-A7B0-4168-A94E-12D19F172C08}.AppStore|Any CPU.Build.0 = AppStore|iPhone
		{E1030603-A7B0-4168-A94E-12D19F172C08}.PlayStore|Any CPU.ActiveCfg = AppStore|iPhone
		{E1030603-A7B0-4168-A94E-12D19F172C08}.Debug|Any CPU.Build.0 = Debug|iPhone
		{E1030603-A7B0-4168-A94E-12D19F172C08}.Release|Any CPU.Build.0 = Release|iPhone
		{E1030603-A7B0-4168-A94E-12D19F172C08}.PreRelease|Any CPU.Build.0 = PreRelease|iPhone
	EndGlobalSection
	GlobalSection(SolutionProperties) = preSolution
		HideSolutionNode = FALSE
	EndGlobalSection
	GlobalSection(NestedProjects) = preSolution
		{11F503E1-EF7B-4967-AD60-C9DA04BF78AB} = {4CA1E628-E571-47C8-AD6D-F51C3FB4AC5F}
		{C82A848A-43FD-4E1F-8C11-3D3DDD68D99C} = {4CA1E628-E571-47C8-AD6D-F51C3FB4AC5F}
		{DD303CD4-AD89-43C8-8F1B-010347267815} = {4CA1E628-E571-47C8-AD6D-F51C3FB4AC5F}
		{61DB6E2E-78CC-4BC9-8826-108C5605BE0B} = {E2F938A8-CBC6-4BFA-88B3-2F6AF79709DF}
		{E1030603-A7B0-4168-A94E-12D19F172C08} = {4C2F0193-D4C1-4F6A-8C30-2D826C8D8E6A}
	EndGlobalSection
EndGlobal
